// !$*UTF8*$!
{
	archiveVersion = 1;
	classes = {
	};
	objectVersion = 56;
	objects = {

/* Begin PBXBuildFile section */
		0A06F5C62ADD41BA006BCB4F /* AppDelegate.swift in Sources */ = {isa = PBXBuildFile; fileRef = 0A06F5C52ADD41BA006BCB4F /* AppDelegate.swift */; };
		0A06F5CF2ADD41BB006BCB4F /* Assets.xcassets in Resources */ = {isa = PBXBuildFile; fileRef = 0A06F5CE2ADD41BB006BCB4F /* Assets.xcassets */; };
		0A06F5D22ADD41BB006BCB4F /* LaunchScreen.storyboard in Resources */ = {isa = PBXBuildFile; fileRef = 0A06F5D02ADD41BB006BCB4F /* LaunchScreen.storyboard */; };
		0A54DA3A2ADFAB6800F15E17 /* BaseViewController.swift in Sources */ = {isa = PBXBuildFile; fileRef = 0A54DA392ADFAB6800F15E17 /* BaseViewController.swift */; };
		0ABF34832AE2720C00CE6D0F /* Theme.swift in Sources */ = {isa = PBXBuildFile; fileRef = 0ABF34822AE2720C00CE6D0F /* Theme.swift */; };
		0ABF34872AE2771500CE6D0F /* UIColor+Extensions.swift in Sources */ = {isa = PBXBuildFile; fileRef = 0ABF34862AE2771500CE6D0F /* UIColor+Extensions.swift */; };
		0ABF348A2AE2828C00CE6D0F /* Cache.swift in Sources */ = {isa = PBXBuildFile; fileRef = 0ABF34892AE2828C00CE6D0F /* Cache.swift */; };
		0ABF348F2AE28DDB00CE6D0F /* TestViewController.swift in Sources */ = {isa = PBXBuildFile; fileRef = 0ABF348D2AE28DDB00CE6D0F /* TestViewController.swift */; };
		0ABF34902AE28DDB00CE6D0F /* TestViewController.xib in Resources */ = {isa = PBXBuildFile; fileRef = 0ABF348E2AE28DDB00CE6D0F /* TestViewController.xib */; };
		0ABF34932AE2993E00CE6D0F /* Font.swift in Sources */ = {isa = PBXBuildFile; fileRef = 0ABF34922AE2993E00CE6D0F /* Font.swift */; };
		0ABF349D2AE2A20400CE6D0F /* Montserrat-Bold.ttf in Resources */ = {isa = PBXBuildFile; fileRef = 0ABF34962AE2A20400CE6D0F /* Montserrat-Bold.ttf */; };
		0ABF349E2AE2A20400CE6D0F /* Montserrat-ExtraBold.ttf in Resources */ = {isa = PBXBuildFile; fileRef = 0ABF34972AE2A20400CE6D0F /* Montserrat-ExtraBold.ttf */; };
		0ABF349F2AE2A20400CE6D0F /* Montserrat-Medium.ttf in Resources */ = {isa = PBXBuildFile; fileRef = 0ABF34982AE2A20400CE6D0F /* Montserrat-Medium.ttf */; };
		0ABF34A02AE2A20400CE6D0F /* Montserrat-SemiBold.ttf in Resources */ = {isa = PBXBuildFile; fileRef = 0ABF34992AE2A20400CE6D0F /* Montserrat-SemiBold.ttf */; };
		0ABF34A12AE2A20400CE6D0F /* Montserrat-Light.ttf in Resources */ = {isa = PBXBuildFile; fileRef = 0ABF349A2AE2A20400CE6D0F /* Montserrat-Light.ttf */; };
		0ABF34A32AE2A20400CE6D0F /* Montserrat-Regular.ttf in Resources */ = {isa = PBXBuildFile; fileRef = 0ABF349C2AE2A20400CE6D0F /* Montserrat-Regular.ttf */; };
		0ABF34A52AE2A49200CE6D0F /* Montserrat-Thin.ttf in Resources */ = {isa = PBXBuildFile; fileRef = 0ABF34A42AE2A49200CE6D0F /* Montserrat-Thin.ttf */; };
		0ABF34A72AE2A95400CE6D0F /* UIViewController+Extensions.swift in Sources */ = {isa = PBXBuildFile; fileRef = 0ABF34A62AE2A95400CE6D0F /* UIViewController+Extensions.swift */; };
/* End PBXBuildFile section */

/* Begin PBXFileReference section */
		0A06F5C22ADD41BA006BCB4F /* CrimsonTaxi.app */ = {isa = PBXFileReference; explicitFileType = wrapper.application; includeInIndex = 0; path = CrimsonTaxi.app; sourceTree = BUILT_PRODUCTS_DIR; };
		0A06F5C52ADD41BA006BCB4F /* AppDelegate.swift */ = {isa = PBXFileReference; lastKnownFileType = sourcecode.swift; path = AppDelegate.swift; sourceTree = "<group>"; };
		0A06F5CE2ADD41BB006BCB4F /* Assets.xcassets */ = {isa = PBXFileReference; lastKnownFileType = folder.assetcatalog; path = Assets.xcassets; sourceTree = "<group>"; };
		0A06F5D12ADD41BB006BCB4F /* Base */ = {isa = PBXFileReference; lastKnownFileType = file.storyboard; name = Base; path = Base.lproj/LaunchScreen.storyboard; sourceTree = "<group>"; };
		0A06F5D32ADD41BB006BCB4F /* Info.plist */ = {isa = PBXFileReference; lastKnownFileType = text.plist.xml; path = Info.plist; sourceTree = "<group>"; };
		0A54DA392ADFAB6800F15E17 /* BaseViewController.swift */ = {isa = PBXFileReference; lastKnownFileType = sourcecode.swift; path = BaseViewController.swift; sourceTree = "<group>"; };
		0ABF34822AE2720C00CE6D0F /* Theme.swift */ = {isa = PBXFileReference; lastKnownFileType = sourcecode.swift; path = Theme.swift; sourceTree = "<group>"; };
		0ABF34862AE2771500CE6D0F /* UIColor+Extensions.swift */ = {isa = PBXFileReference; lastKnownFileType = sourcecode.swift; path = "UIColor+Extensions.swift"; sourceTree = "<group>"; };
		0ABF34892AE2828C00CE6D0F /* Cache.swift */ = {isa = PBXFileReference; lastKnownFileType = sourcecode.swift; path = Cache.swift; sourceTree = "<group>"; };
		0ABF348D2AE28DDB00CE6D0F /* TestViewController.swift */ = {isa = PBXFileReference; lastKnownFileType = sourcecode.swift; path = TestViewController.swift; sourceTree = "<group>"; };
		0ABF348E2AE28DDB00CE6D0F /* TestViewController.xib */ = {isa = PBXFileReference; lastKnownFileType = file.xib; path = TestViewController.xib; sourceTree = "<group>"; };
		0ABF34922AE2993E00CE6D0F /* Font.swift */ = {isa = PBXFileReference; lastKnownFileType = sourcecode.swift; path = Font.swift; sourceTree = "<group>"; };
		0ABF34962AE2A20400CE6D0F /* Montserrat-Bold.ttf */ = {isa = PBXFileReference; lastKnownFileType = file; path = "Montserrat-Bold.ttf"; sourceTree = "<group>"; };
		0ABF34972AE2A20400CE6D0F /* Montserrat-ExtraBold.ttf */ = {isa = PBXFileReference; lastKnownFileType = file; path = "Montserrat-ExtraBold.ttf"; sourceTree = "<group>"; };
		0ABF34982AE2A20400CE6D0F /* Montserrat-Medium.ttf */ = {isa = PBXFileReference; lastKnownFileType = file; path = "Montserrat-Medium.ttf"; sourceTree = "<group>"; };
		0ABF34992AE2A20400CE6D0F /* Montserrat-SemiBold.ttf */ = {isa = PBXFileReference; lastKnownFileType = file; path = "Montserrat-SemiBold.ttf"; sourceTree = "<group>"; };
		0ABF349A2AE2A20400CE6D0F /* Montserrat-Light.ttf */ = {isa = PBXFileReference; lastKnownFileType = file; path = "Montserrat-Light.ttf"; sourceTree = "<group>"; };
		0ABF349C2AE2A20400CE6D0F /* Montserrat-Regular.ttf */ = {isa = PBXFileReference; lastKnownFileType = file; path = "Montserrat-Regular.ttf"; sourceTree = "<group>"; };
		0ABF34A42AE2A49200CE6D0F /* Montserrat-Thin.ttf */ = {isa = PBXFileReference; lastKnownFileType = file; path = "Montserrat-Thin.ttf"; sourceTree = "<group>"; };
		0ABF34A62AE2A95400CE6D0F /* UIViewController+Extensions.swift */ = {isa = PBXFileReference; lastKnownFileType = sourcecode.swift; path = "UIViewController+Extensions.swift"; sourceTree = "<group>"; };
/* End PBXFileReference section */

/* Begin PBXFrameworksBuildPhase section */
		0A06F5BF2ADD41BA006BCB4F /* Frameworks */ = {
			isa = PBXFrameworksBuildPhase;
			buildActionMask = 2147483647;
			files = (
			);
			runOnlyForDeploymentPostprocessing = 0;
		};
/* End PBXFrameworksBuildPhase section */

/* Begin PBXGroup section */
		0A06F5B92ADD41BA006BCB4F = {
			isa = PBXGroup;
			children = (
				0A06F5C42ADD41BA006BCB4F /* CrimsonTaxi */,
				0A06F5C32ADD41BA006BCB4F /* Products */,
			);
			sourceTree = "<group>";
		};
		0A06F5C32ADD41BA006BCB4F /* Products */ = {
			isa = PBXGroup;
			children = (
				0A06F5C22ADD41BA006BCB4F /* CrimsonTaxi.app */,
			);
			name = Products;
			sourceTree = "<group>";
		};
		0A06F5C42ADD41BA006BCB4F /* CrimsonTaxi */ = {
			isa = PBXGroup;
			children = (
				0ABF34942AE2A1B700CE6D0F /* Resources */,
				0ABF348B2AE28D9100CE6D0F /* Logic */,
				0ABF34842AE276F600CE6D0F /* Utils */,
				0ABF347F2AE271C000CE6D0F /* Sevices */,
				0A06F5C52ADD41BA006BCB4F /* AppDelegate.swift */,
				0A06F5CE2ADD41BB006BCB4F /* Assets.xcassets */,
				0A06F5D02ADD41BB006BCB4F /* LaunchScreen.storyboard */,
				0A06F5D32ADD41BB006BCB4F /* Info.plist */,
			);
			path = CrimsonTaxi;
			sourceTree = "<group>";
		};
		0ABF347F2AE271C000CE6D0F /* Sevices */ = {
			isa = PBXGroup;
			children = (
				0ABF34812AE271E200CE6D0F /* Font */,
				0ABF34802AE271CA00CE6D0F /* Theme */,
			);
			path = Sevices;
			sourceTree = "<group>";
		};
		0ABF34802AE271CA00CE6D0F /* Theme */ = {
			isa = PBXGroup;
			children = (
				0ABF34822AE2720C00CE6D0F /* Theme.swift */,
			);
			path = Theme;
			sourceTree = "<group>";
		};
		0ABF34812AE271E200CE6D0F /* Font */ = {
			isa = PBXGroup;
			children = (
				0ABF34922AE2993E00CE6D0F /* Font.swift */,
			);
			path = Font;
			sourceTree = "<group>";
		};
		0ABF34842AE276F600CE6D0F /* Utils */ = {
			isa = PBXGroup;
			children = (
				0ABF34882AE2827500CE6D0F /* Cashe */,
				0ABF34852AE2770000CE6D0F /* Extensions */,
			);
			path = Utils;
			sourceTree = "<group>";
		};
		0ABF34852AE2770000CE6D0F /* Extensions */ = {
			isa = PBXGroup;
			children = (
				0ABF34862AE2771500CE6D0F /* UIColor+Extensions.swift */,
				0ABF34A62AE2A95400CE6D0F /* UIViewController+Extensions.swift */,
			);
			path = Extensions;
			sourceTree = "<group>";
		};
		0ABF34882AE2827500CE6D0F /* Cashe */ = {
			isa = PBXGroup;
			children = (
				0ABF34892AE2828C00CE6D0F /* Cache.swift */,
			);
			path = Cashe;
			sourceTree = "<group>";
		};
		0ABF348B2AE28D9100CE6D0F /* Logic */ = {
			isa = PBXGroup;
			children = (
				0ABF34912AE290D500CE6D0F /* Base */,
				0ABF348C2AE28DC200CE6D0F /* Test */,
			);
			path = Logic;
			sourceTree = "<group>";
		};
		0ABF348C2AE28DC200CE6D0F /* Test */ = {
			isa = PBXGroup;
			children = (
				0ABF348D2AE28DDB00CE6D0F /* TestViewController.swift */,
				0ABF348E2AE28DDB00CE6D0F /* TestViewController.xib */,
			);
			path = Test;
			sourceTree = "<group>";
		};
		0ABF34912AE290D500CE6D0F /* Base */ = {
			isa = PBXGroup;
			children = (
				0A54DA392ADFAB6800F15E17 /* BaseViewController.swift */,
			);
			path = Base;
			sourceTree = "<group>";
		};
		0ABF34942AE2A1B700CE6D0F /* Resources */ = {
			isa = PBXGroup;
			children = (
				0ABF34952AE2A1C900CE6D0F /* Fonts */,
			);
			path = Resources;
			sourceTree = "<group>";
		};
		0ABF34952AE2A1C900CE6D0F /* Fonts */ = {
			isa = PBXGroup;
			children = (
				0ABF34962AE2A20400CE6D0F /* Montserrat-Bold.ttf */,
				0ABF34972AE2A20400CE6D0F /* Montserrat-ExtraBold.ttf */,
				0ABF349A2AE2A20400CE6D0F /* Montserrat-Light.ttf */,
				0ABF34982AE2A20400CE6D0F /* Montserrat-Medium.ttf */,
				0ABF349C2AE2A20400CE6D0F /* Montserrat-Regular.ttf */,
				0ABF34992AE2A20400CE6D0F /* Montserrat-SemiBold.ttf */,
				0ABF34A42AE2A49200CE6D0F /* Montserrat-Thin.ttf */,
			);
			path = Fonts;
			sourceTree = "<group>";
		};
/* End PBXGroup section */

/* Begin PBXNativeTarget section */
		0A06F5C12ADD41BA006BCB4F /* CrimsonTaxi */ = {
			isa = PBXNativeTarget;
			buildConfigurationList = 0A06F5D62ADD41BB006BCB4F /* Build configuration list for PBXNativeTarget "CrimsonTaxi" */;
			buildPhases = (
				0A06F5BE2ADD41BA006BCB4F /* Sources */,
				0A06F5BF2ADD41BA006BCB4F /* Frameworks */,
				0A06F5C02ADD41BA006BCB4F /* Resources */,
			);
			buildRules = (
			);
			dependencies = (
			);
			name = CrimsonTaxi;
			productName = CrimsonTaxi;
			productReference = 0A06F5C22ADD41BA006BCB4F /* CrimsonTaxi.app */;
			productType = "com.apple.product-type.application";
		};
/* End PBXNativeTarget section */

/* Begin PBXProject section */
		0A06F5BA2ADD41BA006BCB4F /* Project object */ = {
			isa = PBXProject;
			attributes = {
				BuildIndependentTargetsInParallel = 1;
				LastSwiftUpdateCheck = 1500;
				LastUpgradeCheck = 1500;
				TargetAttributes = {
					0A06F5C12ADD41BA006BCB4F = {
						CreatedOnToolsVersion = 15.0;
					};
				};
			};
			buildConfigurationList = 0A06F5BD2ADD41BA006BCB4F /* Build configuration list for PBXProject "CrimsonTaxi" */;
			compatibilityVersion = "Xcode 14.0";
			developmentRegion = en;
			hasScannedForEncodings = 0;
			knownRegions = (
				en,
				Base,
			);
			mainGroup = 0A06F5B92ADD41BA006BCB4F;
			productRefGroup = 0A06F5C32ADD41BA006BCB4F /* Products */;
			projectDirPath = "";
			projectRoot = "";
			targets = (
				0A06F5C12ADD41BA006BCB4F /* CrimsonTaxi */,
			);
		};
/* End PBXProject section */

/* Begin PBXResourcesBuildPhase section */
		0A06F5C02ADD41BA006BCB4F /* Resources */ = {
			isa = PBXResourcesBuildPhase;
			buildActionMask = 2147483647;
			files = (
				0ABF34A52AE2A49200CE6D0F /* Montserrat-Thin.ttf in Resources */,
				0ABF349E2AE2A20400CE6D0F /* Montserrat-ExtraBold.ttf in Resources */,
				0ABF349D2AE2A20400CE6D0F /* Montserrat-Bold.ttf in Resources */,
				0A06F5D22ADD41BB006BCB4F /* LaunchScreen.storyboard in Resources */,
				0ABF34A02AE2A20400CE6D0F /* Montserrat-SemiBold.ttf in Resources */,
				0ABF34A12AE2A20400CE6D0F /* Montserrat-Light.ttf in Resources */,
				0ABF34902AE28DDB00CE6D0F /* TestViewController.xib in Resources */,
				0ABF349F2AE2A20400CE6D0F /* Montserrat-Medium.ttf in Resources */,
				0ABF34A32AE2A20400CE6D0F /* Montserrat-Regular.ttf in Resources */,
				0A06F5CF2ADD41BB006BCB4F /* Assets.xcassets in Resources */,
			);
			runOnlyForDeploymentPostprocessing = 0;
		};
/* End PBXResourcesBuildPhase section */

/* Begin PBXSourcesBuildPhase section */
		0A06F5BE2ADD41BA006BCB4F /* Sources */ = {
			isa = PBXSourcesBuildPhase;
			buildActionMask = 2147483647;
			files = (
				0ABF34832AE2720C00CE6D0F /* Theme.swift in Sources */,
				0ABF348A2AE2828C00CE6D0F /* Cache.swift in Sources */,
				0ABF34932AE2993E00CE6D0F /* Font.swift in Sources */,
				0A06F5C62ADD41BA006BCB4F /* AppDelegate.swift in Sources */,
				0ABF34A72AE2A95400CE6D0F /* UIViewController+Extensions.swift in Sources */,
				0A54DA3A2ADFAB6800F15E17 /* BaseViewController.swift in Sources */,
				0ABF348F2AE28DDB00CE6D0F /* TestViewController.swift in Sources */,
				0ABF34872AE2771500CE6D0F /* UIColor+Extensions.swift in Sources */,
			);
			runOnlyForDeploymentPostprocessing = 0;
		};
/* End PBXSourcesBuildPhase section */

/* Begin PBXVariantGroup section */
		0A06F5D02ADD41BB006BCB4F /* LaunchScreen.storyboard */ = {
			isa = PBXVariantGroup;
			children = (
				0A06F5D12ADD41BB006BCB4F /* Base */,
			);
			name = LaunchScreen.storyboard;
			sourceTree = "<group>";
		};
/* End PBXVariantGroup section */

/* Begin XCBuildConfiguration section */
		0A06F5D42ADD41BB006BCB4F /* Debug */ = {
			isa = XCBuildConfiguration;
			buildSettings = {
				ALWAYS_SEARCH_USER_PATHS = NO;
				ASSETCATALOG_COMPILER_GENERATE_SWIFT_ASSET_SYMBOL_EXTENSIONS = YES;
				CLANG_ANALYZER_NONNULL = YES;
				CLANG_ANALYZER_NUMBER_OBJECT_CONVERSION = YES_AGGRESSIVE;
				CLANG_CXX_LANGUAGE_STANDARD = "gnu++20";
				CLANG_ENABLE_MODULES = YES;
				CLANG_ENABLE_OBJC_ARC = YES;
				CLANG_ENABLE_OBJC_WEAK = YES;
				CLANG_WARN_BLOCK_CAPTURE_AUTORELEASING = YES;
				CLANG_WARN_BOOL_CONVERSION = YES;
				CLANG_WARN_COMMA = YES;
				CLANG_WARN_CONSTANT_CONVERSION = YES;
				CLANG_WARN_DEPRECATED_OBJC_IMPLEMENTATIONS = YES;
				CLANG_WARN_DIRECT_OBJC_ISA_USAGE = YES_ERROR;
				CLANG_WARN_DOCUMENTATION_COMMENTS = YES;
				CLANG_WARN_EMPTY_BODY = YES;
				CLANG_WARN_ENUM_CONVERSION = YES;
				CLANG_WARN_INFINITE_RECURSION = YES;
				CLANG_WARN_INT_CONVERSION = YES;
				CLANG_WARN_NON_LITERAL_NULL_CONVERSION = YES;
				CLANG_WARN_OBJC_IMPLICIT_RETAIN_SELF = YES;
				CLANG_WARN_OBJC_LITERAL_CONVERSION = YES;
				CLANG_WARN_OBJC_ROOT_CLASS = YES_ERROR;
				CLANG_WARN_QUOTED_INCLUDE_IN_FRAMEWORK_HEADER = YES;
				CLANG_WARN_RANGE_LOOP_ANALYSIS = YES;
				CLANG_WARN_STRICT_PROTOTYPES = YES;
				CLANG_WARN_SUSPICIOUS_MOVE = YES;
				CLANG_WARN_UNGUARDED_AVAILABILITY = YES_AGGRESSIVE;
				CLANG_WARN_UNREACHABLE_CODE = YES;
				CLANG_WARN__DUPLICATE_METHOD_MATCH = YES;
				COPY_PHASE_STRIP = NO;
				DEBUG_INFORMATION_FORMAT = dwarf;
				ENABLE_STRICT_OBJC_MSGSEND = YES;
				ENABLE_TESTABILITY = YES;
				ENABLE_USER_SCRIPT_SANDBOXING = YES;
				GCC_C_LANGUAGE_STANDARD = gnu17;
				GCC_DYNAMIC_NO_PIC = NO;
				GCC_NO_COMMON_BLOCKS = YES;
				GCC_OPTIMIZATION_LEVEL = 0;
				GCC_PREPROCESSOR_DEFINITIONS = (
					"DEBUG=1",
					"$(inherited)",
				);
				GCC_WARN_64_TO_32_BIT_CONVERSION = YES;
				GCC_WARN_ABOUT_RETURN_TYPE = YES_ERROR;
				GCC_WARN_UNDECLARED_SELECTOR = YES;
				GCC_WARN_UNINITIALIZED_AUTOS = YES_AGGRESSIVE;
				GCC_WARN_UNUSED_FUNCTION = YES;
				GCC_WARN_UNUSED_VARIABLE = YES;
				IPHONEOS_DEPLOYMENT_TARGET = 17.0;
				LOCALIZATION_PREFERS_STRING_CATALOGS = YES;
				MTL_ENABLE_DEBUG_INFO = INCLUDE_SOURCE;
				MTL_FAST_MATH = YES;
				ONLY_ACTIVE_ARCH = YES;
				SDKROOT = iphoneos;
				SWIFT_ACTIVE_COMPILATION_CONDITIONS = "DEBUG $(inherited)";
				SWIFT_OPTIMIZATION_LEVEL = "-Onone";
			};
			name = Debug;
		};
		0A06F5D52ADD41BB006BCB4F /* Release */ = {
			isa = XCBuildConfiguration;
			buildSettings = {
				ALWAYS_SEARCH_USER_PATHS = NO;
				ASSETCATALOG_COMPILER_GENERATE_SWIFT_ASSET_SYMBOL_EXTENSIONS = YES;
				CLANG_ANALYZER_NONNULL = YES;
				CLANG_ANALYZER_NUMBER_OBJECT_CONVERSION = YES_AGGRESSIVE;
				CLANG_CXX_LANGUAGE_STANDARD = "gnu++20";
				CLANG_ENABLE_MODULES = YES;
				CLANG_ENABLE_OBJC_ARC = YES;
				CLANG_ENABLE_OBJC_WEAK = YES;
				CLANG_WARN_BLOCK_CAPTURE_AUTORELEASING = YES;
				CLANG_WARN_BOOL_CONVERSION = YES;
				CLANG_WARN_COMMA = YES;
				CLANG_WARN_CONSTANT_CONVERSION = YES;
				CLANG_WARN_DEPRECATED_OBJC_IMPLEMENTATIONS = YES;
				CLANG_WARN_DIRECT_OBJC_ISA_USAGE = YES_ERROR;
				CLANG_WARN_DOCUMENTATION_COMMENTS = YES;
				CLANG_WARN_EMPTY_BODY = YES;
				CLANG_WARN_ENUM_CONVERSION = YES;
				CLANG_WARN_INFINITE_RECURSION = YES;
				CLANG_WARN_INT_CONVERSION = YES;
				CLANG_WARN_NON_LITERAL_NULL_CONVERSION = YES;
				CLANG_WARN_OBJC_IMPLICIT_RETAIN_SELF = YES;
				CLANG_WARN_OBJC_LITERAL_CONVERSION = YES;
				CLANG_WARN_OBJC_ROOT_CLASS = YES_ERROR;
				CLANG_WARN_QUOTED_INCLUDE_IN_FRAMEWORK_HEADER = YES;
				CLANG_WARN_RANGE_LOOP_ANALYSIS = YES;
				CLANG_WARN_STRICT_PROTOTYPES = YES;
				CLANG_WARN_SUSPICIOUS_MOVE = YES;
				CLANG_WARN_UNGUARDED_AVAILABILITY = YES_AGGRESSIVE;
				CLANG_WARN_UNREACHABLE_CODE = YES;
				CLANG_WARN__DUPLICATE_METHOD_MATCH = YES;
				COPY_PHASE_STRIP = NO;
				DEBUG_INFORMATION_FORMAT = "dwarf-with-dsym";
				ENABLE_NS_ASSERTIONS = NO;
				ENABLE_STRICT_OBJC_MSGSEND = YES;
				ENABLE_USER_SCRIPT_SANDBOXING = YES;
				GCC_C_LANGUAGE_STANDARD = gnu17;
				GCC_NO_COMMON_BLOCKS = YES;
				GCC_WARN_64_TO_32_BIT_CONVERSION = YES;
				GCC_WARN_ABOUT_RETURN_TYPE = YES_ERROR;
				GCC_WARN_UNDECLARED_SELECTOR = YES;
				GCC_WARN_UNINITIALIZED_AUTOS = YES_AGGRESSIVE;
				GCC_WARN_UNUSED_FUNCTION = YES;
				GCC_WARN_UNUSED_VARIABLE = YES;
				IPHONEOS_DEPLOYMENT_TARGET = 17.0;
				LOCALIZATION_PREFERS_STRING_CATALOGS = YES;
				MTL_ENABLE_DEBUG_INFO = NO;
				MTL_FAST_MATH = YES;
				SDKROOT = iphoneos;
				SWIFT_COMPILATION_MODE = wholemodule;
				VALIDATE_PRODUCT = YES;
			};
			name = Release;
		};
		0A06F5D72ADD41BB006BCB4F /* Debug */ = {
			isa = XCBuildConfiguration;
			buildSettings = {
				ASSETCATALOG_COMPILER_APPICON_NAME = AppIcon;
				ASSETCATALOG_COMPILER_GLOBAL_ACCENT_COLOR_NAME = AccentColor;
				CODE_SIGN_STYLE = Automatic;
				CURRENT_PROJECT_VERSION = 1;
				DEVELOPMENT_TEAM = 8996593D3H;
				GENERATE_INFOPLIST_FILE = YES;
				INFOPLIST_FILE = CrimsonTaxi/Info.plist;
				INFOPLIST_KEY_UIApplicationSupportsIndirectInputEvents = YES;
				INFOPLIST_KEY_UILaunchStoryboardName = LaunchScreen;
				INFOPLIST_KEY_UISupportedInterfaceOrientations = UIInterfaceOrientationPortrait;
				INFOPLIST_KEY_UISupportedInterfaceOrientations_iPad = "UIInterfaceOrientationLandscapeLeft UIInterfaceOrientationLandscapeRight UIInterfaceOrientationPortrait UIInterfaceOrientationPortraitUpsideDown";
				IPHONEOS_DEPLOYMENT_TARGET = 13.0;
				LD_RUNPATH_SEARCH_PATHS = (
					"$(inherited)",
					"@executable_path/Frameworks",
				);
				MARKETING_VERSION = 1.0;
				PRODUCT_BUNDLE_IDENTIFIER = com.something.CrimsonTaxi;
				PRODUCT_NAME = "$(TARGET_NAME)";
				SUPPORTED_PLATFORMS = "iphoneos iphonesimulator";
				SUPPORTS_MACCATALYST = NO;
				SUPPORTS_MAC_DESIGNED_FOR_IPHONE_IPAD = NO;
				SWIFT_EMIT_LOC_STRINGS = YES;
				SWIFT_VERSION = 5.0;
				TARGETED_DEVICE_FAMILY = 1;
			};
			name = Debug;
		};
		0A06F5D82ADD41BB006BCB4F /* Release */ = {
			isa = XCBuildConfiguration;
			buildSettings = {
				ASSETCATALOG_COMPILER_APPICON_NAME = AppIcon;
				ASSETCATALOG_COMPILER_GLOBAL_ACCENT_COLOR_NAME = AccentColor;
				CODE_SIGN_STYLE = Automatic;
				CURRENT_PROJECT_VERSION = 1;
				DEVELOPMENT_TEAM = 8996593D3H;
				GENERATE_INFOPLIST_FILE = YES;
				INFOPLIST_FILE = CrimsonTaxi/Info.plist;
				INFOPLIST_KEY_UIApplicationSupportsIndirectInputEvents = YES;
				INFOPLIST_KEY_UILaunchStoryboardName = LaunchScreen;
				INFOPLIST_KEY_UISupportedInterfaceOrientations = UIInterfaceOrientationPortrait;
				INFOPLIST_KEY_UISupportedInterfaceOrientations_iPad = "UIInterfaceOrientationLandscapeLeft UIInterfaceOrientationLandscapeRight UIInterfaceOrientationPortrait UIInterfaceOrientationPortraitUpsideDown";
				IPHONEOS_DEPLOYMENT_TARGET = 13.0;
				LD_RUNPATH_SEARCH_PATHS = (
					"$(inherited)",
					"@executable_path/Frameworks",
				);
				MARKETING_VERSION = 1.0;
				PRODUCT_BUNDLE_IDENTIFIER = com.something.CrimsonTaxi;
				PRODUCT_NAME = "$(TARGET_NAME)";
				SUPPORTED_PLATFORMS = "iphoneos iphonesimulator";
				SUPPORTS_MACCATALYST = NO;
				SUPPORTS_MAC_DESIGNED_FOR_IPHONE_IPAD = NO;
				SWIFT_EMIT_LOC_STRINGS = YES;
				SWIFT_VERSION = 5.0;
				TARGETED_DEVICE_FAMILY = 1;
			};
			name = Release;
		};
/* End XCBuildConfiguration section */

/* Begin XCConfigurationList section */
		0A06F5BD2ADD41BA006BCB4F /* Build configuration list for PBXProject "CrimsonTaxi" */ = {
			isa = XCConfigurationList;
			buildConfigurations = (
				0A06F5D42ADD41BB006BCB4F /* Debug */,
				0A06F5D52ADD41BB006BCB4F /* Release */,
			);
			defaultConfigurationIsVisible = 0;
			defaultConfigurationName = Release;
		};
		0A06F5D62ADD41BB006BCB4F /* Build configuration list for PBXNativeTarget "CrimsonTaxi" */ = {
			isa = XCConfigurationList;
			buildConfigurations = (
				0A06F5D72ADD41BB006BCB4F /* Debug */,
				0A06F5D82ADD41BB006BCB4F /* Release */,
			);
			defaultConfigurationIsVisible = 0;
			defaultConfigurationName = Release;
		};
/* End XCConfigurationList section */
	};
	rootObject = 0A06F5BA2ADD41BA006BCB4F /* Project object */;
}
