// !$*UTF8*$!
{
	archiveVersion = 1;
	classes = {
	};
	objectVersion = 56;
	objects = {

/* Begin PBXBuildFile section */
		0A06F5C62ADD41BA006BCB4F /* AppDelegate.swift in Sources */ = {isa = PBXBuildFile; fileRef = 0A06F5C52ADD41BA006BCB4F /* AppDelegate.swift */; };
		0A06F5CF2ADD41BB006BCB4F /* Assets.xcassets in Resources */ = {isa = PBXBuildFile; fileRef = 0A06F5CE2ADD41BB006BCB4F /* Assets.xcassets */; };
		0A06F5D22ADD41BB006BCB4F /* LaunchScreen.storyboard in Resources */ = {isa = PBXBuildFile; fileRef = 0A06F5D02ADD41BB006BCB4F /* LaunchScreen.storyboard */; };
		0A1D43DB2AE7998000D9D545 /* MainTabBarController.swift in Sources */ = {isa = PBXBuildFile; fileRef = 0A1D43D92AE7998000D9D545 /* MainTabBarController.swift */; };
		0A1D43DF2AE79E8E00D9D545 /* MainTabBarView.swift in Sources */ = {isa = PBXBuildFile; fileRef = 0A1D43DE2AE79E8E00D9D545 /* MainTabBarView.swift */; };
		0A1D43E12AE7A1EB00D9D545 /* MainTabBarView.xib in Resources */ = {isa = PBXBuildFile; fileRef = 0A1D43E02AE7A1EB00D9D545 /* MainTabBarView.xib */; };
		0A1D43E52AE7B2BE00D9D545 /* HomeViewController.swift in Sources */ = {isa = PBXBuildFile; fileRef = 0A1D43E32AE7B2BE00D9D545 /* HomeViewController.swift */; };
		0A1D43E62AE7B2BE00D9D545 /* HomeViewController.xib in Resources */ = {isa = PBXBuildFile; fileRef = 0A1D43E42AE7B2BE00D9D545 /* HomeViewController.xib */; };
		0A1D43EA2AE7B88500D9D545 /* MapView.swift in Sources */ = {isa = PBXBuildFile; fileRef = 0A1D43E92AE7B88500D9D545 /* MapView.swift */; };
		0A1D43EC2AE7B8DE00D9D545 /* MapView.xib in Resources */ = {isa = PBXBuildFile; fileRef = 0A1D43EB2AE7B8DE00D9D545 /* MapView.xib */; };
		0A1D43F02AE7BC4E00D9D545 /* PlaceSearchViewController.swift in Sources */ = {isa = PBXBuildFile; fileRef = 0A1D43EE2AE7BC4E00D9D545 /* PlaceSearchViewController.swift */; };
		0A1D43F12AE7BC4E00D9D545 /* PlaceSearchViewController.xib in Resources */ = {isa = PBXBuildFile; fileRef = 0A1D43EF2AE7BC4E00D9D545 /* PlaceSearchViewController.xib */; };
		0A1D43F42AE7BDDE00D9D545 /* SearchFieldView.swift in Sources */ = {isa = PBXBuildFile; fileRef = 0A1D43F32AE7BDDE00D9D545 /* SearchFieldView.swift */; };
		0A1D43F62AE7BE0D00D9D545 /* SearchFieldView.xib in Resources */ = {isa = PBXBuildFile; fileRef = 0A1D43F52AE7BE0D00D9D545 /* SearchFieldView.xib */; };
		0A38713E2AE4479100855F45 /* AppThemes.swift in Sources */ = {isa = PBXBuildFile; fileRef = 0A38713D2AE4479100855F45 /* AppThemes.swift */; };
		0A54DA3A2ADFAB6800F15E17 /* BaseViewController.swift in Sources */ = {isa = PBXBuildFile; fileRef = 0A54DA392ADFAB6800F15E17 /* BaseViewController.swift */; };
		0A556A662AE9152C0053A5BA /* CGFloat+Extensions.swift in Sources */ = {isa = PBXBuildFile; fileRef = 0A556A652AE9152C0053A5BA /* CGFloat+Extensions.swift */; };
		0A556A6A2AE95EE40053A5BA /* RideDetailsViewController.swift in Sources */ = {isa = PBXBuildFile; fileRef = 0A556A682AE95EE40053A5BA /* RideDetailsViewController.swift */; };
		0A556A6B2AE95EE40053A5BA /* RideDetailsViewController.xib in Resources */ = {isa = PBXBuildFile; fileRef = 0A556A692AE95EE40053A5BA /* RideDetailsViewController.xib */; };
		0A556A6E2AE960440053A5BA /* PlaceCircleView.swift in Sources */ = {isa = PBXBuildFile; fileRef = 0A556A6D2AE960440053A5BA /* PlaceCircleView.swift */; };
		0A556A702AE961020053A5BA /* PlaceCircleView.xib in Resources */ = {isa = PBXBuildFile; fileRef = 0A556A6F2AE961020053A5BA /* PlaceCircleView.xib */; };
		0A556A732AE964540053A5BA /* PlaceDetailsView.swift in Sources */ = {isa = PBXBuildFile; fileRef = 0A556A722AE964540053A5BA /* PlaceDetailsView.swift */; };
		0A556A752AE964A30053A5BA /* PlaceDetailsView.xib in Resources */ = {isa = PBXBuildFile; fileRef = 0A556A742AE964A30053A5BA /* PlaceDetailsView.xib */; };
		0A720ECB2AE57DD400511167 /* NavTitleView.swift in Sources */ = {isa = PBXBuildFile; fileRef = 0A720ECA2AE57DD400511167 /* NavTitleView.swift */; };
		0A720ECD2AE57E2A00511167 /* NavTitleView.xib in Resources */ = {isa = PBXBuildFile; fileRef = 0A720ECC2AE57E2A00511167 /* NavTitleView.xib */; };
		0A79A4512AE2EB66006059A9 /* NavBackButton.xib in Resources */ = {isa = PBXBuildFile; fileRef = 0A79A4502AE2EB66006059A9 /* NavBackButton.xib */; };
		0A79A4532AE2EBF2006059A9 /* BaseUIView.swift in Sources */ = {isa = PBXBuildFile; fileRef = 0A79A4522AE2EBF2006059A9 /* BaseUIView.swift */; };
		0A79A4552AE2F7F2006059A9 /* UIView+Extensions.swift in Sources */ = {isa = PBXBuildFile; fileRef = 0A79A4542AE2F7F2006059A9 /* UIView+Extensions.swift */; };
		0A79A4572AE2FDFF006059A9 /* Contants.swift in Sources */ = {isa = PBXBuildFile; fileRef = 0A79A4562AE2FDFF006059A9 /* Contants.swift */; };
		0A8042152AE6B39200EFF450 /* SelectableView.swift in Sources */ = {isa = PBXBuildFile; fileRef = 0A8042142AE6B39200EFF450 /* SelectableView.swift */; };
		0A8042172AE6B3E300EFF450 /* SelectableView.xib in Resources */ = {isa = PBXBuildFile; fileRef = 0A8042162AE6B3E300EFF450 /* SelectableView.xib */; };
		0A80421B2AE6C1ED00EFF450 /* VerificationViewController.swift in Sources */ = {isa = PBXBuildFile; fileRef = 0A8042192AE6C1ED00EFF450 /* VerificationViewController.swift */; };
		0A80421C2AE6C1ED00EFF450 /* VerificationViewController.xib in Resources */ = {isa = PBXBuildFile; fileRef = 0A80421A2AE6C1ED00EFF450 /* VerificationViewController.xib */; };
		0A8042262AE6CB6200EFF450 /* OtpView.swift in Sources */ = {isa = PBXBuildFile; fileRef = 0A8042222AE6CB6100EFF450 /* OtpView.swift */; };
		0A8042272AE6CB6200EFF450 /* OtpTextField.swift in Sources */ = {isa = PBXBuildFile; fileRef = 0A8042232AE6CB6200EFF450 /* OtpTextField.swift */; };
		0A8042282AE6CB6200EFF450 /* OtpView.xib in Resources */ = {isa = PBXBuildFile; fileRef = 0A8042242AE6CB6200EFF450 /* OtpView.xib */; };
		0A8042292AE6CB6200EFF450 /* OtpViewDecorator.swift in Sources */ = {isa = PBXBuildFile; fileRef = 0A8042252AE6CB6200EFF450 /* OtpViewDecorator.swift */; };
		0AA8B8D82AE6653E000FEBF8 /* Optional+Extensions.swift in Sources */ = {isa = PBXBuildFile; fileRef = 0AA8B8D72AE6653E000FEBF8 /* Optional+Extensions.swift */; };
		0AA8B8DD2AE66C61000FEBF8 /* Localizable.strings in Resources */ = {isa = PBXBuildFile; fileRef = 0AA8B8DF2AE66C61000FEBF8 /* Localizable.strings */; };
		0AA8B8E62AE694AC000FEBF8 /* PrimaryButton.swift in Sources */ = {isa = PBXBuildFile; fileRef = 0AA8B8E52AE694AC000FEBF8 /* PrimaryButton.swift */; };
		0AA8B8E92AE69529000FEBF8 /* PrimaryButton.xib in Resources */ = {isa = PBXBuildFile; fileRef = 0AA8B8E82AE69529000FEBF8 /* PrimaryButton.xib */; };
		0ABF34832AE2720C00CE6D0F /* Theme.swift in Sources */ = {isa = PBXBuildFile; fileRef = 0ABF34822AE2720C00CE6D0F /* Theme.swift */; };
		0ABF34872AE2771500CE6D0F /* UIColor+Extensions.swift in Sources */ = {isa = PBXBuildFile; fileRef = 0ABF34862AE2771500CE6D0F /* UIColor+Extensions.swift */; };
		0ABF348A2AE2828C00CE6D0F /* Cache.swift in Sources */ = {isa = PBXBuildFile; fileRef = 0ABF34892AE2828C00CE6D0F /* Cache.swift */; };
		0ABF348F2AE28DDB00CE6D0F /* TestViewController.swift in Sources */ = {isa = PBXBuildFile; fileRef = 0ABF348D2AE28DDB00CE6D0F /* TestViewController.swift */; };
		0ABF34902AE28DDB00CE6D0F /* TestViewController.xib in Resources */ = {isa = PBXBuildFile; fileRef = 0ABF348E2AE28DDB00CE6D0F /* TestViewController.xib */; };
		0ABF34932AE2993E00CE6D0F /* Font.swift in Sources */ = {isa = PBXBuildFile; fileRef = 0ABF34922AE2993E00CE6D0F /* Font.swift */; };
		0ABF349D2AE2A20400CE6D0F /* Montserrat-Bold.ttf in Resources */ = {isa = PBXBuildFile; fileRef = 0ABF34962AE2A20400CE6D0F /* Montserrat-Bold.ttf */; };
		0ABF349E2AE2A20400CE6D0F /* Montserrat-ExtraBold.ttf in Resources */ = {isa = PBXBuildFile; fileRef = 0ABF34972AE2A20400CE6D0F /* Montserrat-ExtraBold.ttf */; };
		0ABF349F2AE2A20400CE6D0F /* Montserrat-Medium.ttf in Resources */ = {isa = PBXBuildFile; fileRef = 0ABF34982AE2A20400CE6D0F /* Montserrat-Medium.ttf */; };
		0ABF34A02AE2A20400CE6D0F /* Montserrat-SemiBold.ttf in Resources */ = {isa = PBXBuildFile; fileRef = 0ABF34992AE2A20400CE6D0F /* Montserrat-SemiBold.ttf */; };
		0ABF34A12AE2A20400CE6D0F /* Montserrat-Light.ttf in Resources */ = {isa = PBXBuildFile; fileRef = 0ABF349A2AE2A20400CE6D0F /* Montserrat-Light.ttf */; };
		0ABF34A32AE2A20400CE6D0F /* Montserrat-Regular.ttf in Resources */ = {isa = PBXBuildFile; fileRef = 0ABF349C2AE2A20400CE6D0F /* Montserrat-Regular.ttf */; };
		0ABF34A52AE2A49200CE6D0F /* Montserrat-Thin.ttf in Resources */ = {isa = PBXBuildFile; fileRef = 0ABF34A42AE2A49200CE6D0F /* Montserrat-Thin.ttf */; };
		0ABF34A72AE2A95400CE6D0F /* UIViewController+Extensions.swift in Sources */ = {isa = PBXBuildFile; fileRef = 0ABF34A62AE2A95400CE6D0F /* UIViewController+Extensions.swift */; };
		0ABF34AC2AE2CF0C00CE6D0F /* PersonalDataViewController.swift in Sources */ = {isa = PBXBuildFile; fileRef = 0ABF34AA2AE2CF0C00CE6D0F /* PersonalDataViewController.swift */; };
		0ABF34AD2AE2CF0C00CE6D0F /* PersonalDataViewController.xib in Resources */ = {isa = PBXBuildFile; fileRef = 0ABF34AB2AE2CF0C00CE6D0F /* PersonalDataViewController.xib */; };
		0ABF34AF2AE2CFEB00CE6D0F /* BaseNavigationController.swift in Sources */ = {isa = PBXBuildFile; fileRef = 0ABF34AE2AE2CFEB00CE6D0F /* BaseNavigationController.swift */; };
		0ABF34B32AE2D1BF00CE6D0F /* NavBackButton.swift in Sources */ = {isa = PBXBuildFile; fileRef = 0ABF34B22AE2D1BF00CE6D0F /* NavBackButton.swift */; };
		0AD3BF5C2AE989B0002AB3B3 /* IconButton.swift in Sources */ = {isa = PBXBuildFile; fileRef = 0AD3BF5B2AE989B0002AB3B3 /* IconButton.swift */; };
		0AD3BF5E2AE989F5002AB3B3 /* IconButton.xib in Resources */ = {isa = PBXBuildFile; fileRef = 0AD3BF5D2AE989F5002AB3B3 /* IconButton.xib */; };
		0AEDE8512AE3A28F001CCFEB /* InputFieldView.swift in Sources */ = {isa = PBXBuildFile; fileRef = 0AEDE8502AE3A28F001CCFEB /* InputFieldView.swift */; };
		0AEDE8532AE3A5A3001CCFEB /* UITextField+Extensions.swift in Sources */ = {isa = PBXBuildFile; fileRef = 0AEDE8522AE3A5A3001CCFEB /* UITextField+Extensions.swift */; };
		0AEDE8552AE3A648001CCFEB /* String+Extensions.swift in Sources */ = {isa = PBXBuildFile; fileRef = 0AEDE8542AE3A648001CCFEB /* String+Extensions.swift */; };
		0AEDE8572AE3A668001CCFEB /* NSAttributedString+Extensions.swift in Sources */ = {isa = PBXBuildFile; fileRef = 0AEDE8562AE3A668001CCFEB /* NSAttributedString+Extensions.swift */; };
		0AEDE85B2AE3A96C001CCFEB /* InputFieldView.xib in Resources */ = {isa = PBXBuildFile; fileRef = 0AEDE85A2AE3A96C001CCFEB /* InputFieldView.xib */; };
/* End PBXBuildFile section */

/* Begin PBXFileReference section */
		0A06F5C22ADD41BA006BCB4F /* CrimsonTaxi.app */ = {isa = PBXFileReference; explicitFileType = wrapper.application; includeInIndex = 0; path = CrimsonTaxi.app; sourceTree = BUILT_PRODUCTS_DIR; };
		0A06F5C52ADD41BA006BCB4F /* AppDelegate.swift */ = {isa = PBXFileReference; lastKnownFileType = sourcecode.swift; path = AppDelegate.swift; sourceTree = "<group>"; };
		0A06F5CE2ADD41BB006BCB4F /* Assets.xcassets */ = {isa = PBXFileReference; lastKnownFileType = folder.assetcatalog; path = Assets.xcassets; sourceTree = "<group>"; };
		0A06F5D12ADD41BB006BCB4F /* Base */ = {isa = PBXFileReference; lastKnownFileType = file.storyboard; name = Base; path = Base.lproj/LaunchScreen.storyboard; sourceTree = "<group>"; };
		0A06F5D32ADD41BB006BCB4F /* Info.plist */ = {isa = PBXFileReference; lastKnownFileType = text.plist.xml; path = Info.plist; sourceTree = "<group>"; };
		0A1D43D92AE7998000D9D545 /* MainTabBarController.swift */ = {isa = PBXFileReference; lastKnownFileType = sourcecode.swift; path = MainTabBarController.swift; sourceTree = "<group>"; };
		0A1D43DE2AE79E8E00D9D545 /* MainTabBarView.swift */ = {isa = PBXFileReference; lastKnownFileType = sourcecode.swift; path = MainTabBarView.swift; sourceTree = "<group>"; };
		0A1D43E02AE7A1EB00D9D545 /* MainTabBarView.xib */ = {isa = PBXFileReference; lastKnownFileType = file.xib; path = MainTabBarView.xib; sourceTree = "<group>"; };
		0A1D43E32AE7B2BE00D9D545 /* HomeViewController.swift */ = {isa = PBXFileReference; lastKnownFileType = sourcecode.swift; path = HomeViewController.swift; sourceTree = "<group>"; };
		0A1D43E42AE7B2BE00D9D545 /* HomeViewController.xib */ = {isa = PBXFileReference; lastKnownFileType = file.xib; path = HomeViewController.xib; sourceTree = "<group>"; };
		0A1D43E92AE7B88500D9D545 /* MapView.swift */ = {isa = PBXFileReference; lastKnownFileType = sourcecode.swift; path = MapView.swift; sourceTree = "<group>"; };
		0A1D43EB2AE7B8DE00D9D545 /* MapView.xib */ = {isa = PBXFileReference; lastKnownFileType = file.xib; path = MapView.xib; sourceTree = "<group>"; };
		0A1D43EE2AE7BC4E00D9D545 /* PlaceSearchViewController.swift */ = {isa = PBXFileReference; lastKnownFileType = sourcecode.swift; path = PlaceSearchViewController.swift; sourceTree = "<group>"; };
		0A1D43EF2AE7BC4E00D9D545 /* PlaceSearchViewController.xib */ = {isa = PBXFileReference; lastKnownFileType = file.xib; path = PlaceSearchViewController.xib; sourceTree = "<group>"; };
		0A1D43F32AE7BDDE00D9D545 /* SearchFieldView.swift */ = {isa = PBXFileReference; lastKnownFileType = sourcecode.swift; path = SearchFieldView.swift; sourceTree = "<group>"; };
		0A1D43F52AE7BE0D00D9D545 /* SearchFieldView.xib */ = {isa = PBXFileReference; lastKnownFileType = file.xib; path = SearchFieldView.xib; sourceTree = "<group>"; };
		0A38713D2AE4479100855F45 /* AppThemes.swift */ = {isa = PBXFileReference; lastKnownFileType = sourcecode.swift; path = AppThemes.swift; sourceTree = "<group>"; };
		0A54DA392ADFAB6800F15E17 /* BaseViewController.swift */ = {isa = PBXFileReference; lastKnownFileType = sourcecode.swift; path = BaseViewController.swift; sourceTree = "<group>"; };
		0A556A652AE9152C0053A5BA /* CGFloat+Extensions.swift */ = {isa = PBXFileReference; lastKnownFileType = sourcecode.swift; path = "CGFloat+Extensions.swift"; sourceTree = "<group>"; };
		0A556A682AE95EE40053A5BA /* RideDetailsViewController.swift */ = {isa = PBXFileReference; lastKnownFileType = sourcecode.swift; path = RideDetailsViewController.swift; sourceTree = "<group>"; };
		0A556A692AE95EE40053A5BA /* RideDetailsViewController.xib */ = {isa = PBXFileReference; lastKnownFileType = file.xib; path = RideDetailsViewController.xib; sourceTree = "<group>"; };
		0A556A6D2AE960440053A5BA /* PlaceCircleView.swift */ = {isa = PBXFileReference; lastKnownFileType = sourcecode.swift; path = PlaceCircleView.swift; sourceTree = "<group>"; };
		0A556A6F2AE961020053A5BA /* PlaceCircleView.xib */ = {isa = PBXFileReference; lastKnownFileType = file.xib; path = PlaceCircleView.xib; sourceTree = "<group>"; };
		0A556A722AE964540053A5BA /* PlaceDetailsView.swift */ = {isa = PBXFileReference; lastKnownFileType = sourcecode.swift; path = PlaceDetailsView.swift; sourceTree = "<group>"; };
		0A556A742AE964A30053A5BA /* PlaceDetailsView.xib */ = {isa = PBXFileReference; lastKnownFileType = file.xib; path = PlaceDetailsView.xib; sourceTree = "<group>"; };
		0A720ECA2AE57DD400511167 /* NavTitleView.swift */ = {isa = PBXFileReference; lastKnownFileType = sourcecode.swift; path = NavTitleView.swift; sourceTree = "<group>"; };
		0A720ECC2AE57E2A00511167 /* NavTitleView.xib */ = {isa = PBXFileReference; lastKnownFileType = file.xib; path = NavTitleView.xib; sourceTree = "<group>"; };
		0A79A4502AE2EB66006059A9 /* NavBackButton.xib */ = {isa = PBXFileReference; lastKnownFileType = file.xib; path = NavBackButton.xib; sourceTree = "<group>"; };
		0A79A4522AE2EBF2006059A9 /* BaseUIView.swift */ = {isa = PBXFileReference; lastKnownFileType = sourcecode.swift; path = BaseUIView.swift; sourceTree = "<group>"; };
		0A79A4542AE2F7F2006059A9 /* UIView+Extensions.swift */ = {isa = PBXFileReference; lastKnownFileType = sourcecode.swift; path = "UIView+Extensions.swift"; sourceTree = "<group>"; };
		0A79A4562AE2FDFF006059A9 /* Contants.swift */ = {isa = PBXFileReference; lastKnownFileType = sourcecode.swift; path = Contants.swift; sourceTree = "<group>"; };
		0A8042142AE6B39200EFF450 /* SelectableView.swift */ = {isa = PBXFileReference; lastKnownFileType = sourcecode.swift; path = SelectableView.swift; sourceTree = "<group>"; };
		0A8042162AE6B3E300EFF450 /* SelectableView.xib */ = {isa = PBXFileReference; lastKnownFileType = file.xib; path = SelectableView.xib; sourceTree = "<group>"; };
		0A8042192AE6C1ED00EFF450 /* VerificationViewController.swift */ = {isa = PBXFileReference; lastKnownFileType = sourcecode.swift; path = VerificationViewController.swift; sourceTree = "<group>"; };
		0A80421A2AE6C1ED00EFF450 /* VerificationViewController.xib */ = {isa = PBXFileReference; lastKnownFileType = file.xib; path = VerificationViewController.xib; sourceTree = "<group>"; };
		0A8042222AE6CB6100EFF450 /* OtpView.swift */ = {isa = PBXFileReference; fileEncoding = 4; lastKnownFileType = sourcecode.swift; path = OtpView.swift; sourceTree = "<group>"; };
		0A8042232AE6CB6200EFF450 /* OtpTextField.swift */ = {isa = PBXFileReference; fileEncoding = 4; lastKnownFileType = sourcecode.swift; path = OtpTextField.swift; sourceTree = "<group>"; };
		0A8042242AE6CB6200EFF450 /* OtpView.xib */ = {isa = PBXFileReference; fileEncoding = 4; lastKnownFileType = file.xib; path = OtpView.xib; sourceTree = "<group>"; };
		0A8042252AE6CB6200EFF450 /* OtpViewDecorator.swift */ = {isa = PBXFileReference; fileEncoding = 4; lastKnownFileType = sourcecode.swift; path = OtpViewDecorator.swift; sourceTree = "<group>"; };
		0AA8B8D72AE6653E000FEBF8 /* Optional+Extensions.swift */ = {isa = PBXFileReference; fileEncoding = 4; lastKnownFileType = sourcecode.swift; path = "Optional+Extensions.swift"; sourceTree = "<group>"; };
		0AA8B8DE2AE66C61000FEBF8 /* en */ = {isa = PBXFileReference; lastKnownFileType = text.plist.strings; name = en; path = en.lproj/Localizable.strings; sourceTree = "<group>"; };
		0AA8B8E42AE675B1000FEBF8 /* ru */ = {isa = PBXFileReference; lastKnownFileType = text.plist.strings; name = ru; path = ru.lproj/Localizable.strings; sourceTree = "<group>"; };
		0AA8B8E52AE694AC000FEBF8 /* PrimaryButton.swift */ = {isa = PBXFileReference; lastKnownFileType = sourcecode.swift; path = PrimaryButton.swift; sourceTree = "<group>"; };
		0AA8B8E82AE69529000FEBF8 /* PrimaryButton.xib */ = {isa = PBXFileReference; lastKnownFileType = file.xib; path = PrimaryButton.xib; sourceTree = "<group>"; };
		0ABF34822AE2720C00CE6D0F /* Theme.swift */ = {isa = PBXFileReference; lastKnownFileType = sourcecode.swift; path = Theme.swift; sourceTree = "<group>"; };
		0ABF34862AE2771500CE6D0F /* UIColor+Extensions.swift */ = {isa = PBXFileReference; lastKnownFileType = sourcecode.swift; path = "UIColor+Extensions.swift"; sourceTree = "<group>"; };
		0ABF34892AE2828C00CE6D0F /* Cache.swift */ = {isa = PBXFileReference; lastKnownFileType = sourcecode.swift; path = Cache.swift; sourceTree = "<group>"; };
		0ABF348D2AE28DDB00CE6D0F /* TestViewController.swift */ = {isa = PBXFileReference; lastKnownFileType = sourcecode.swift; path = TestViewController.swift; sourceTree = "<group>"; };
		0ABF348E2AE28DDB00CE6D0F /* TestViewController.xib */ = {isa = PBXFileReference; lastKnownFileType = file.xib; path = TestViewController.xib; sourceTree = "<group>"; };
		0ABF34922AE2993E00CE6D0F /* Font.swift */ = {isa = PBXFileReference; lastKnownFileType = sourcecode.swift; path = Font.swift; sourceTree = "<group>"; };
		0ABF34962AE2A20400CE6D0F /* Montserrat-Bold.ttf */ = {isa = PBXFileReference; lastKnownFileType = file; path = "Montserrat-Bold.ttf"; sourceTree = "<group>"; };
		0ABF34972AE2A20400CE6D0F /* Montserrat-ExtraBold.ttf */ = {isa = PBXFileReference; lastKnownFileType = file; path = "Montserrat-ExtraBold.ttf"; sourceTree = "<group>"; };
		0ABF34982AE2A20400CE6D0F /* Montserrat-Medium.ttf */ = {isa = PBXFileReference; lastKnownFileType = file; path = "Montserrat-Medium.ttf"; sourceTree = "<group>"; };
		0ABF34992AE2A20400CE6D0F /* Montserrat-SemiBold.ttf */ = {isa = PBXFileReference; lastKnownFileType = file; path = "Montserrat-SemiBold.ttf"; sourceTree = "<group>"; };
		0ABF349A2AE2A20400CE6D0F /* Montserrat-Light.ttf */ = {isa = PBXFileReference; lastKnownFileType = file; path = "Montserrat-Light.ttf"; sourceTree = "<group>"; };
		0ABF349C2AE2A20400CE6D0F /* Montserrat-Regular.ttf */ = {isa = PBXFileReference; lastKnownFileType = file; path = "Montserrat-Regular.ttf"; sourceTree = "<group>"; };
		0ABF34A42AE2A49200CE6D0F /* Montserrat-Thin.ttf */ = {isa = PBXFileReference; lastKnownFileType = file; path = "Montserrat-Thin.ttf"; sourceTree = "<group>"; };
		0ABF34A62AE2A95400CE6D0F /* UIViewController+Extensions.swift */ = {isa = PBXFileReference; lastKnownFileType = sourcecode.swift; path = "UIViewController+Extensions.swift"; sourceTree = "<group>"; };
		0ABF34AA2AE2CF0C00CE6D0F /* PersonalDataViewController.swift */ = {isa = PBXFileReference; lastKnownFileType = sourcecode.swift; path = PersonalDataViewController.swift; sourceTree = "<group>"; };
		0ABF34AB2AE2CF0C00CE6D0F /* PersonalDataViewController.xib */ = {isa = PBXFileReference; lastKnownFileType = file.xib; path = PersonalDataViewController.xib; sourceTree = "<group>"; };
		0ABF34AE2AE2CFEB00CE6D0F /* BaseNavigationController.swift */ = {isa = PBXFileReference; lastKnownFileType = sourcecode.swift; path = BaseNavigationController.swift; sourceTree = "<group>"; };
		0ABF34B22AE2D1BF00CE6D0F /* NavBackButton.swift */ = {isa = PBXFileReference; lastKnownFileType = sourcecode.swift; path = NavBackButton.swift; sourceTree = "<group>"; };
		0AD3BF5B2AE989B0002AB3B3 /* IconButton.swift */ = {isa = PBXFileReference; lastKnownFileType = sourcecode.swift; path = IconButton.swift; sourceTree = "<group>"; };
		0AD3BF5D2AE989F5002AB3B3 /* IconButton.xib */ = {isa = PBXFileReference; lastKnownFileType = file.xib; path = IconButton.xib; sourceTree = "<group>"; };
		0AEDE8502AE3A28F001CCFEB /* InputFieldView.swift */ = {isa = PBXFileReference; lastKnownFileType = sourcecode.swift; path = InputFieldView.swift; sourceTree = "<group>"; };
		0AEDE8522AE3A5A3001CCFEB /* UITextField+Extensions.swift */ = {isa = PBXFileReference; lastKnownFileType = sourcecode.swift; path = "UITextField+Extensions.swift"; sourceTree = "<group>"; };
		0AEDE8542AE3A648001CCFEB /* String+Extensions.swift */ = {isa = PBXFileReference; lastKnownFileType = sourcecode.swift; path = "String+Extensions.swift"; sourceTree = "<group>"; };
		0AEDE8562AE3A668001CCFEB /* NSAttributedString+Extensions.swift */ = {isa = PBXFileReference; lastKnownFileType = sourcecode.swift; path = "NSAttributedString+Extensions.swift"; sourceTree = "<group>"; };
		0AEDE85A2AE3A96C001CCFEB /* InputFieldView.xib */ = {isa = PBXFileReference; lastKnownFileType = file.xib; path = InputFieldView.xib; sourceTree = "<group>"; };
/* End PBXFileReference section */

/* Begin PBXFrameworksBuildPhase section */
		0A06F5BF2ADD41BA006BCB4F /* Frameworks */ = {
			isa = PBXFrameworksBuildPhase;
			buildActionMask = 2147483647;
			files = (
			);
			runOnlyForDeploymentPostprocessing = 0;
		};
/* End PBXFrameworksBuildPhase section */

/* Begin PBXGroup section */
		0A06F5B92ADD41BA006BCB4F = {
			isa = PBXGroup;
			children = (
				0A06F5C42ADD41BA006BCB4F /* CrimsonTaxi */,
				0A06F5C32ADD41BA006BCB4F /* Products */,
			);
			sourceTree = "<group>";
		};
		0A06F5C32ADD41BA006BCB4F /* Products */ = {
			isa = PBXGroup;
			children = (
				0A06F5C22ADD41BA006BCB4F /* CrimsonTaxi.app */,
			);
			name = Products;
			sourceTree = "<group>";
		};
		0A06F5C42ADD41BA006BCB4F /* CrimsonTaxi */ = {
			isa = PBXGroup;
			children = (
				0ABF34942AE2A1B700CE6D0F /* Resources */,
				0ABF348B2AE28D9100CE6D0F /* Logic */,
				0ABF34842AE276F600CE6D0F /* Utils */,
				0ABF347F2AE271C000CE6D0F /* Sevices */,
				0A06F5C52ADD41BA006BCB4F /* AppDelegate.swift */,
				0A06F5CE2ADD41BB006BCB4F /* Assets.xcassets */,
				0A06F5D02ADD41BB006BCB4F /* LaunchScreen.storyboard */,
				0A06F5D32ADD41BB006BCB4F /* Info.plist */,
			);
			path = CrimsonTaxi;
			sourceTree = "<group>";
		};
		0A1D43D62AE796DA00D9D545 /* MainTabBarController */ = {
			isa = PBXGroup;
			children = (
				0A1D43DD2AE79E7500D9D545 /* Views */,
				0A1D43D92AE7998000D9D545 /* MainTabBarController.swift */,
			);
			path = MainTabBarController;
			sourceTree = "<group>";
		};
		0A1D43DD2AE79E7500D9D545 /* Views */ = {
			isa = PBXGroup;
			children = (
				0A1D43DE2AE79E8E00D9D545 /* MainTabBarView.swift */,
				0A1D43E02AE7A1EB00D9D545 /* MainTabBarView.xib */,
			);
			path = Views;
			sourceTree = "<group>";
		};
		0A1D43E22AE7B2A200D9D545 /* Home */ = {
			isa = PBXGroup;
			children = (
				0A556A672AE95EAA0053A5BA /* RideDetails */,
				0A1D43ED2AE7BC3700D9D545 /* PlaceSearch */,
				0A1D43E72AE7B85200D9D545 /* Views */,
				0A1D43E32AE7B2BE00D9D545 /* HomeViewController.swift */,
				0A1D43E42AE7B2BE00D9D545 /* HomeViewController.xib */,
			);
			path = Home;
			sourceTree = "<group>";
		};
		0A1D43E72AE7B85200D9D545 /* Views */ = {
			isa = PBXGroup;
			children = (
				0A1D43E82AE7B86000D9D545 /* Map */,
			);
			path = Views;
			sourceTree = "<group>";
		};
		0A1D43E82AE7B86000D9D545 /* Map */ = {
			isa = PBXGroup;
			children = (
				0A1D43E92AE7B88500D9D545 /* MapView.swift */,
				0A1D43EB2AE7B8DE00D9D545 /* MapView.xib */,
			);
			path = Map;
			sourceTree = "<group>";
		};
		0A1D43ED2AE7BC3700D9D545 /* PlaceSearch */ = {
			isa = PBXGroup;
			children = (
				0A1D43F22AE7BDBF00D9D545 /* Views */,
				0A1D43EE2AE7BC4E00D9D545 /* PlaceSearchViewController.swift */,
				0A1D43EF2AE7BC4E00D9D545 /* PlaceSearchViewController.xib */,
			);
			path = PlaceSearch;
			sourceTree = "<group>";
		};
		0A1D43F22AE7BDBF00D9D545 /* Views */ = {
			isa = PBXGroup;
			children = (
				0A1D43F32AE7BDDE00D9D545 /* SearchFieldView.swift */,
				0A1D43F52AE7BE0D00D9D545 /* SearchFieldView.xib */,
			);
			path = Views;
			sourceTree = "<group>";
		};
		0A556A672AE95EAA0053A5BA /* RideDetails */ = {
			isa = PBXGroup;
			children = (
				0A556A682AE95EE40053A5BA /* RideDetailsViewController.swift */,
				0A556A692AE95EE40053A5BA /* RideDetailsViewController.xib */,
			);
			path = RideDetails;
			sourceTree = "<group>";
		};
		0A556A6C2AE960100053A5BA /* PlaceCircleView */ = {
			isa = PBXGroup;
			children = (
				0A556A6D2AE960440053A5BA /* PlaceCircleView.swift */,
				0A556A6F2AE961020053A5BA /* PlaceCircleView.xib */,
			);
			path = PlaceCircleView;
			sourceTree = "<group>";
		};
		0A556A712AE9643E0053A5BA /* PlaceDetailsView */ = {
			isa = PBXGroup;
			children = (
				0A556A722AE964540053A5BA /* PlaceDetailsView.swift */,
				0A556A742AE964A30053A5BA /* PlaceDetailsView.xib */,
			);
			path = PlaceDetailsView;
			sourceTree = "<group>";
		};
		0A720EC92AE57DAB00511167 /* NavTitleView */ = {
			isa = PBXGroup;
			children = (
				0A720ECA2AE57DD400511167 /* NavTitleView.swift */,
				0A720ECC2AE57E2A00511167 /* NavTitleView.xib */,
			);
			path = NavTitleView;
			sourceTree = "<group>";
		};
		0A8042132AE6B35B00EFF450 /* PrimaryButton */ = {
			isa = PBXGroup;
			children = (
				0AA8B8E52AE694AC000FEBF8 /* PrimaryButton.swift */,
				0AA8B8E82AE69529000FEBF8 /* PrimaryButton.xib */,
			);
			path = PrimaryButton;
			sourceTree = "<group>";
		};
		0A8042182AE6C1B700EFF450 /* Varification */ = {
			isa = PBXGroup;
			children = (
				0A8042192AE6C1ED00EFF450 /* VerificationViewController.swift */,
				0A80421A2AE6C1ED00EFF450 /* VerificationViewController.xib */,
			);
			path = Varification;
			sourceTree = "<group>";
		};
		0A80421D2AE6C9E600EFF450 /* OTP */ = {
			isa = PBXGroup;
			children = (
				0A8042232AE6CB6200EFF450 /* OtpTextField.swift */,
				0A8042222AE6CB6100EFF450 /* OtpView.swift */,
				0A8042242AE6CB6200EFF450 /* OtpView.xib */,
				0A8042252AE6CB6200EFF450 /* OtpViewDecorator.swift */,
			);
			path = OTP;
			sourceTree = "<group>";
		};
		0AA8B8DA2AE66C20000FEBF8 /* Localizations */ = {
			isa = PBXGroup;
			children = (
				0AA8B8DF2AE66C61000FEBF8 /* Localizable.strings */,
			);
			path = Localizations;
			sourceTree = "<group>";
		};
		0AA8B8E72AE69515000FEBF8 /* SeletableView */ = {
			isa = PBXGroup;
			children = (
				0A8042142AE6B39200EFF450 /* SelectableView.swift */,
				0A8042162AE6B3E300EFF450 /* SelectableView.xib */,
			);
			path = SeletableView;
			sourceTree = "<group>";
		};
		0ABF347F2AE271C000CE6D0F /* Sevices */ = {
			isa = PBXGroup;
			children = (
				0ABF34812AE271E200CE6D0F /* Font */,
				0ABF34802AE271CA00CE6D0F /* Theme */,
			);
			path = Sevices;
			sourceTree = "<group>";
		};
		0ABF34802AE271CA00CE6D0F /* Theme */ = {
			isa = PBXGroup;
			children = (
				0ABF34822AE2720C00CE6D0F /* Theme.swift */,
				0A38713D2AE4479100855F45 /* AppThemes.swift */,
			);
			path = Theme;
			sourceTree = "<group>";
		};
		0ABF34812AE271E200CE6D0F /* Font */ = {
			isa = PBXGroup;
			children = (
				0ABF34922AE2993E00CE6D0F /* Font.swift */,
			);
			path = Font;
			sourceTree = "<group>";
		};
		0ABF34842AE276F600CE6D0F /* Utils */ = {
			isa = PBXGroup;
			children = (
				0ABF34882AE2827500CE6D0F /* Cashe */,
				0ABF34852AE2770000CE6D0F /* Extensions */,
				0A79A4562AE2FDFF006059A9 /* Contants.swift */,
			);
			path = Utils;
			sourceTree = "<group>";
		};
		0ABF34852AE2770000CE6D0F /* Extensions */ = {
			isa = PBXGroup;
			children = (
				0AEDE8592AE3A67B001CCFEB /* Foundation */,
				0AEDE8582AE3A674001CCFEB /* UIKit */,
			);
			path = Extensions;
			sourceTree = "<group>";
		};
		0ABF34882AE2827500CE6D0F /* Cashe */ = {
			isa = PBXGroup;
			children = (
				0ABF34892AE2828C00CE6D0F /* Cache.swift */,
			);
			path = Cashe;
			sourceTree = "<group>";
		};
		0ABF348B2AE28D9100CE6D0F /* Logic */ = {
			isa = PBXGroup;
			children = (
				0A1D43E22AE7B2A200D9D545 /* Home */,
				0A1D43D62AE796DA00D9D545 /* MainTabBarController */,
				0A8042182AE6C1B700EFF450 /* Varification */,
				0ABF34A82AE2CDBE00CE6D0F /* Registration */,
				0ABF34912AE290D500CE6D0F /* Base */,
				0ABF348C2AE28DC200CE6D0F /* Test */,
			);
			path = Logic;
			sourceTree = "<group>";
		};
		0ABF348C2AE28DC200CE6D0F /* Test */ = {
			isa = PBXGroup;
			children = (
				0ABF348D2AE28DDB00CE6D0F /* TestViewController.swift */,
				0ABF348E2AE28DDB00CE6D0F /* TestViewController.xib */,
			);
			path = Test;
			sourceTree = "<group>";
		};
		0ABF34912AE290D500CE6D0F /* Base */ = {
			isa = PBXGroup;
			children = (
				0A54DA392ADFAB6800F15E17 /* BaseViewController.swift */,
				0ABF34AE2AE2CFEB00CE6D0F /* BaseNavigationController.swift */,
				0A79A4522AE2EBF2006059A9 /* BaseUIView.swift */,
			);
			path = Base;
			sourceTree = "<group>";
		};
		0ABF34942AE2A1B700CE6D0F /* Resources */ = {
			isa = PBXGroup;
			children = (
				0AA8B8DA2AE66C20000FEBF8 /* Localizations */,
				0ABF34B02AE2D19600CE6D0F /* CustomViews */,
				0ABF34952AE2A1C900CE6D0F /* Fonts */,
			);
			path = Resources;
			sourceTree = "<group>";
		};
		0ABF34952AE2A1C900CE6D0F /* Fonts */ = {
			isa = PBXGroup;
			children = (
				0ABF34962AE2A20400CE6D0F /* Montserrat-Bold.ttf */,
				0ABF34972AE2A20400CE6D0F /* Montserrat-ExtraBold.ttf */,
				0ABF349A2AE2A20400CE6D0F /* Montserrat-Light.ttf */,
				0ABF34982AE2A20400CE6D0F /* Montserrat-Medium.ttf */,
				0ABF349C2AE2A20400CE6D0F /* Montserrat-Regular.ttf */,
				0ABF34992AE2A20400CE6D0F /* Montserrat-SemiBold.ttf */,
				0ABF34A42AE2A49200CE6D0F /* Montserrat-Thin.ttf */,
			);
			path = Fonts;
			sourceTree = "<group>";
		};
		0ABF34A82AE2CDBE00CE6D0F /* Registration */ = {
			isa = PBXGroup;
			children = (
				0ABF34AA2AE2CF0C00CE6D0F /* PersonalDataViewController.swift */,
				0ABF34AB2AE2CF0C00CE6D0F /* PersonalDataViewController.xib */,
			);
			path = Registration;
			sourceTree = "<group>";
		};
		0ABF34B02AE2D19600CE6D0F /* CustomViews */ = {
			isa = PBXGroup;
			children = (
				0AD3BF5A2AE98975002AB3B3 /* IconButton */,
				0A556A712AE9643E0053A5BA /* PlaceDetailsView */,
				0A556A6C2AE960100053A5BA /* PlaceCircleView */,
				0A80421D2AE6C9E600EFF450 /* OTP */,
				0A8042132AE6B35B00EFF450 /* PrimaryButton */,
				0AA8B8E72AE69515000FEBF8 /* SeletableView */,
				0A720EC92AE57DAB00511167 /* NavTitleView */,
				0AEDE84D2AE3A21F001CCFEB /* InputFields */,
				0ABF34B12AE2D1A200CE6D0F /* NavigationBackButton */,
			);
			path = CustomViews;
			sourceTree = "<group>";
		};
		0ABF34B12AE2D1A200CE6D0F /* NavigationBackButton */ = {
			isa = PBXGroup;
			children = (
				0ABF34B22AE2D1BF00CE6D0F /* NavBackButton.swift */,
				0A79A4502AE2EB66006059A9 /* NavBackButton.xib */,
			);
			path = NavigationBackButton;
			sourceTree = "<group>";
		};
		0AD3BF5A2AE98975002AB3B3 /* IconButton */ = {
			isa = PBXGroup;
			children = (
				0AD3BF5B2AE989B0002AB3B3 /* IconButton.swift */,
				0AD3BF5D2AE989F5002AB3B3 /* IconButton.xib */,
			);
			path = IconButton;
			sourceTree = "<group>";
		};
		0AEDE84D2AE3A21F001CCFEB /* InputFields */ = {
			isa = PBXGroup;
			children = (
				0AEDE8502AE3A28F001CCFEB /* InputFieldView.swift */,
				0AEDE85A2AE3A96C001CCFEB /* InputFieldView.xib */,
			);
			path = InputFields;
			sourceTree = "<group>";
		};
		0AEDE8582AE3A674001CCFEB /* UIKit */ = {
			isa = PBXGroup;
			children = (
				0ABF34862AE2771500CE6D0F /* UIColor+Extensions.swift */,
				0ABF34A62AE2A95400CE6D0F /* UIViewController+Extensions.swift */,
				0A79A4542AE2F7F2006059A9 /* UIView+Extensions.swift */,
				0AEDE8522AE3A5A3001CCFEB /* UITextField+Extensions.swift */,
			);
			path = UIKit;
			sourceTree = "<group>";
		};
		0AEDE8592AE3A67B001CCFEB /* Foundation */ = {
			isa = PBXGroup;
			children = (
				0AA8B8D72AE6653E000FEBF8 /* Optional+Extensions.swift */,
				0AEDE8542AE3A648001CCFEB /* String+Extensions.swift */,
				0AEDE8562AE3A668001CCFEB /* NSAttributedString+Extensions.swift */,
				0A556A652AE9152C0053A5BA /* CGFloat+Extensions.swift */,
			);
			path = Foundation;
			sourceTree = "<group>";
		};
/* End PBXGroup section */

/* Begin PBXNativeTarget section */
		0A06F5C12ADD41BA006BCB4F /* CrimsonTaxi */ = {
			isa = PBXNativeTarget;
			buildConfigurationList = 0A06F5D62ADD41BB006BCB4F /* Build configuration list for PBXNativeTarget "CrimsonTaxi" */;
			buildPhases = (
				0A06F5BE2ADD41BA006BCB4F /* Sources */,
				0A06F5BF2ADD41BA006BCB4F /* Frameworks */,
				0A06F5C02ADD41BA006BCB4F /* Resources */,
			);
			buildRules = (
			);
			dependencies = (
			);
			name = CrimsonTaxi;
			productName = CrimsonTaxi;
			productReference = 0A06F5C22ADD41BA006BCB4F /* CrimsonTaxi.app */;
			productType = "com.apple.product-type.application";
		};
/* End PBXNativeTarget section */

/* Begin PBXProject section */
		0A06F5BA2ADD41BA006BCB4F /* Project object */ = {
			isa = PBXProject;
			attributes = {
				BuildIndependentTargetsInParallel = 1;
				LastSwiftUpdateCheck = 1500;
				LastUpgradeCheck = 1500;
				TargetAttributes = {
					0A06F5C12ADD41BA006BCB4F = {
						CreatedOnToolsVersion = 15.0;
					};
				};
			};
			buildConfigurationList = 0A06F5BD2ADD41BA006BCB4F /* Build configuration list for PBXProject "CrimsonTaxi" */;
			compatibilityVersion = "Xcode 14.0";
			developmentRegion = en;
			hasScannedForEncodings = 0;
			knownRegions = (
				en,
				Base,
				ru,
			);
			mainGroup = 0A06F5B92ADD41BA006BCB4F;
			productRefGroup = 0A06F5C32ADD41BA006BCB4F /* Products */;
			projectDirPath = "";
			projectRoot = "";
			targets = (
				0A06F5C12ADD41BA006BCB4F /* CrimsonTaxi */,
			);
		};
/* End PBXProject section */

/* Begin PBXResourcesBuildPhase section */
		0A06F5C02ADD41BA006BCB4F /* Resources */ = {
			isa = PBXResourcesBuildPhase;
			buildActionMask = 2147483647;
			files = (
				0ABF34A52AE2A49200CE6D0F /* Montserrat-Thin.ttf in Resources */,
				0ABF349E2AE2A20400CE6D0F /* Montserrat-ExtraBold.ttf in Resources */,
				0A8042172AE6B3E300EFF450 /* SelectableView.xib in Resources */,
				0A1D43E12AE7A1EB00D9D545 /* MainTabBarView.xib in Resources */,
				0A556A702AE961020053A5BA /* PlaceCircleView.xib in Resources */,
				0A556A752AE964A30053A5BA /* PlaceDetailsView.xib in Resources */,
				0AA8B8E92AE69529000FEBF8 /* PrimaryButton.xib in Resources */,
				0A1D43E62AE7B2BE00D9D545 /* HomeViewController.xib in Resources */,
				0ABF349D2AE2A20400CE6D0F /* Montserrat-Bold.ttf in Resources */,
				0A06F5D22ADD41BB006BCB4F /* LaunchScreen.storyboard in Resources */,
				0A1D43F12AE7BC4E00D9D545 /* PlaceSearchViewController.xib in Resources */,
				0A1D43F62AE7BE0D00D9D545 /* SearchFieldView.xib in Resources */,
				0AD3BF5E2AE989F5002AB3B3 /* IconButton.xib in Resources */,
				0A79A4512AE2EB66006059A9 /* NavBackButton.xib in Resources */,
				0A8042282AE6CB6200EFF450 /* OtpView.xib in Resources */,
				0ABF34AD2AE2CF0C00CE6D0F /* PersonalDataViewController.xib in Resources */,
				0A556A6B2AE95EE40053A5BA /* RideDetailsViewController.xib in Resources */,
				0ABF34A02AE2A20400CE6D0F /* Montserrat-SemiBold.ttf in Resources */,
				0AEDE85B2AE3A96C001CCFEB /* InputFieldView.xib in Resources */,
				0ABF34A12AE2A20400CE6D0F /* Montserrat-Light.ttf in Resources */,
				0A720ECD2AE57E2A00511167 /* NavTitleView.xib in Resources */,
				0A1D43EC2AE7B8DE00D9D545 /* MapView.xib in Resources */,
				0AA8B8DD2AE66C61000FEBF8 /* Localizable.strings in Resources */,
				0ABF34902AE28DDB00CE6D0F /* TestViewController.xib in Resources */,
				0ABF349F2AE2A20400CE6D0F /* Montserrat-Medium.ttf in Resources */,
				0ABF34A32AE2A20400CE6D0F /* Montserrat-Regular.ttf in Resources */,
				0A06F5CF2ADD41BB006BCB4F /* Assets.xcassets in Resources */,
				0A80421C2AE6C1ED00EFF450 /* VerificationViewController.xib in Resources */,
			);
			runOnlyForDeploymentPostprocessing = 0;
		};
/* End PBXResourcesBuildPhase section */

/* Begin PBXSourcesBuildPhase section */
		0A06F5BE2ADD41BA006BCB4F /* Sources */ = {
			isa = PBXSourcesBuildPhase;
			buildActionMask = 2147483647;
			files = (
				0ABF34832AE2720C00CE6D0F /* Theme.swift in Sources */,
				0AEDE8572AE3A668001CCFEB /* NSAttributedString+Extensions.swift in Sources */,
				0AD3BF5C2AE989B0002AB3B3 /* IconButton.swift in Sources */,
				0ABF348A2AE2828C00CE6D0F /* Cache.swift in Sources */,
				0ABF34AC2AE2CF0C00CE6D0F /* PersonalDataViewController.swift in Sources */,
				0A79A4572AE2FDFF006059A9 /* Contants.swift in Sources */,
				0A1D43E52AE7B2BE00D9D545 /* HomeViewController.swift in Sources */,
				0A8042262AE6CB6200EFF450 /* OtpView.swift in Sources */,
				0A38713E2AE4479100855F45 /* AppThemes.swift in Sources */,
				0ABF34932AE2993E00CE6D0F /* Font.swift in Sources */,
				0A06F5C62ADD41BA006BCB4F /* AppDelegate.swift in Sources */,
				0A1D43EA2AE7B88500D9D545 /* MapView.swift in Sources */,
				0A8042152AE6B39200EFF450 /* SelectableView.swift in Sources */,
				0A1D43DB2AE7998000D9D545 /* MainTabBarController.swift in Sources */,
				0A1D43DF2AE79E8E00D9D545 /* MainTabBarView.swift in Sources */,
				0A556A662AE9152C0053A5BA /* CGFloat+Extensions.swift in Sources */,
				0A79A4552AE2F7F2006059A9 /* UIView+Extensions.swift in Sources */,
				0A556A6A2AE95EE40053A5BA /* RideDetailsViewController.swift in Sources */,
				0ABF34A72AE2A95400CE6D0F /* UIViewController+Extensions.swift in Sources */,
				0A556A6E2AE960440053A5BA /* PlaceCircleView.swift in Sources */,
				0AEDE8512AE3A28F001CCFEB /* InputFieldView.swift in Sources */,
				0A8042292AE6CB6200EFF450 /* OtpViewDecorator.swift in Sources */,
				0AEDE8532AE3A5A3001CCFEB /* UITextField+Extensions.swift in Sources */,
				0AA8B8E62AE694AC000FEBF8 /* PrimaryButton.swift in Sources */,
				0A1D43F02AE7BC4E00D9D545 /* PlaceSearchViewController.swift in Sources */,
				0A54DA3A2ADFAB6800F15E17 /* BaseViewController.swift in Sources */,
				0ABF34B32AE2D1BF00CE6D0F /* NavBackButton.swift in Sources */,
				0AEDE8552AE3A648001CCFEB /* String+Extensions.swift in Sources */,
				0A720ECB2AE57DD400511167 /* NavTitleView.swift in Sources */,
				0A80421B2AE6C1ED00EFF450 /* VerificationViewController.swift in Sources */,
				0AA8B8D82AE6653E000FEBF8 /* Optional+Extensions.swift in Sources */,
				0ABF348F2AE28DDB00CE6D0F /* TestViewController.swift in Sources */,
				0A556A732AE964540053A5BA /* PlaceDetailsView.swift in Sources */,
				0ABF34AF2AE2CFEB00CE6D0F /* BaseNavigationController.swift in Sources */,
				0ABF34872AE2771500CE6D0F /* UIColor+Extensions.swift in Sources */,
				0A79A4532AE2EBF2006059A9 /* BaseUIView.swift in Sources */,
				0A8042272AE6CB6200EFF450 /* OtpTextField.swift in Sources */,
				0A1D43F42AE7BDDE00D9D545 /* SearchFieldView.swift in Sources */,
			);
			runOnlyForDeploymentPostprocessing = 0;
		};
/* End PBXSourcesBuildPhase section */

/* Begin PBXVariantGroup section */
		0A06F5D02ADD41BB006BCB4F /* LaunchScreen.storyboard */ = {
			isa = PBXVariantGroup;
			children = (
				0A06F5D12ADD41BB006BCB4F /* Base */,
			);
			name = LaunchScreen.storyboard;
			sourceTree = "<group>";
		};
		0AA8B8DF2AE66C61000FEBF8 /* Localizable.strings */ = {
			isa = PBXVariantGroup;
			children = (
				0AA8B8DE2AE66C61000FEBF8 /* en */,
				0AA8B8E42AE675B1000FEBF8 /* ru */,
			);
			name = Localizable.strings;
			sourceTree = "<group>";
		};
/* End PBXVariantGroup section */

/* Begin XCBuildConfiguration section */
		0A06F5D42ADD41BB006BCB4F /* Debug */ = {
			isa = XCBuildConfiguration;
			buildSettings = {
				ALWAYS_SEARCH_USER_PATHS = NO;
				ASSETCATALOG_COMPILER_GENERATE_SWIFT_ASSET_SYMBOL_EXTENSIONS = YES;
				CLANG_ANALYZER_LOCALIZABILITY_NONLOCALIZED = YES;
				CLANG_ANALYZER_NONNULL = YES;
				CLANG_ANALYZER_NUMBER_OBJECT_CONVERSION = YES_AGGRESSIVE;
				CLANG_CXX_LANGUAGE_STANDARD = "gnu++20";
				CLANG_ENABLE_MODULES = YES;
				CLANG_ENABLE_OBJC_ARC = YES;
				CLANG_ENABLE_OBJC_WEAK = YES;
				CLANG_WARN_BLOCK_CAPTURE_AUTORELEASING = YES;
				CLANG_WARN_BOOL_CONVERSION = YES;
				CLANG_WARN_COMMA = YES;
				CLANG_WARN_CONSTANT_CONVERSION = YES;
				CLANG_WARN_DEPRECATED_OBJC_IMPLEMENTATIONS = YES;
				CLANG_WARN_DIRECT_OBJC_ISA_USAGE = YES_ERROR;
				CLANG_WARN_DOCUMENTATION_COMMENTS = YES;
				CLANG_WARN_EMPTY_BODY = YES;
				CLANG_WARN_ENUM_CONVERSION = YES;
				CLANG_WARN_INFINITE_RECURSION = YES;
				CLANG_WARN_INT_CONVERSION = YES;
				CLANG_WARN_NON_LITERAL_NULL_CONVERSION = YES;
				CLANG_WARN_OBJC_IMPLICIT_RETAIN_SELF = YES;
				CLANG_WARN_OBJC_LITERAL_CONVERSION = YES;
				CLANG_WARN_OBJC_ROOT_CLASS = YES_ERROR;
				CLANG_WARN_QUOTED_INCLUDE_IN_FRAMEWORK_HEADER = YES;
				CLANG_WARN_RANGE_LOOP_ANALYSIS = YES;
				CLANG_WARN_STRICT_PROTOTYPES = YES;
				CLANG_WARN_SUSPICIOUS_MOVE = YES;
				CLANG_WARN_UNGUARDED_AVAILABILITY = YES_AGGRESSIVE;
				CLANG_WARN_UNREACHABLE_CODE = YES;
				CLANG_WARN__DUPLICATE_METHOD_MATCH = YES;
				COPY_PHASE_STRIP = NO;
				DEBUG_INFORMATION_FORMAT = dwarf;
				ENABLE_STRICT_OBJC_MSGSEND = YES;
				ENABLE_TESTABILITY = YES;
				ENABLE_USER_SCRIPT_SANDBOXING = YES;
				GCC_C_LANGUAGE_STANDARD = gnu17;
				GCC_DYNAMIC_NO_PIC = NO;
				GCC_NO_COMMON_BLOCKS = YES;
				GCC_OPTIMIZATION_LEVEL = 0;
				GCC_PREPROCESSOR_DEFINITIONS = (
					"DEBUG=1",
					"$(inherited)",
				);
				GCC_WARN_64_TO_32_BIT_CONVERSION = YES;
				GCC_WARN_ABOUT_RETURN_TYPE = YES_ERROR;
				GCC_WARN_UNDECLARED_SELECTOR = YES;
				GCC_WARN_UNINITIALIZED_AUTOS = YES_AGGRESSIVE;
				GCC_WARN_UNUSED_FUNCTION = YES;
				GCC_WARN_UNUSED_VARIABLE = YES;
				IPHONEOS_DEPLOYMENT_TARGET = 13.0;
				LOCALIZATION_PREFERS_STRING_CATALOGS = YES;
				MTL_ENABLE_DEBUG_INFO = INCLUDE_SOURCE;
				MTL_FAST_MATH = YES;
				ONLY_ACTIVE_ARCH = YES;
				SDKROOT = iphoneos;
				SWIFT_ACTIVE_COMPILATION_CONDITIONS = "DEBUG $(inherited)";
				SWIFT_OPTIMIZATION_LEVEL = "-Onone";
			};
			name = Debug;
		};
		0A06F5D52ADD41BB006BCB4F /* Release */ = {
			isa = XCBuildConfiguration;
			buildSettings = {
				ALWAYS_SEARCH_USER_PATHS = NO;
				ASSETCATALOG_COMPILER_GENERATE_SWIFT_ASSET_SYMBOL_EXTENSIONS = YES;
				CLANG_ANALYZER_LOCALIZABILITY_NONLOCALIZED = YES;
				CLANG_ANALYZER_NONNULL = YES;
				CLANG_ANALYZER_NUMBER_OBJECT_CONVERSION = YES_AGGRESSIVE;
				CLANG_CXX_LANGUAGE_STANDARD = "gnu++20";
				CLANG_ENABLE_MODULES = YES;
				CLANG_ENABLE_OBJC_ARC = YES;
				CLANG_ENABLE_OBJC_WEAK = YES;
				CLANG_WARN_BLOCK_CAPTURE_AUTORELEASING = YES;
				CLANG_WARN_BOOL_CONVERSION = YES;
				CLANG_WARN_COMMA = YES;
				CLANG_WARN_CONSTANT_CONVERSION = YES;
				CLANG_WARN_DEPRECATED_OBJC_IMPLEMENTATIONS = YES;
				CLANG_WARN_DIRECT_OBJC_ISA_USAGE = YES_ERROR;
				CLANG_WARN_DOCUMENTATION_COMMENTS = YES;
				CLANG_WARN_EMPTY_BODY = YES;
				CLANG_WARN_ENUM_CONVERSION = YES;
				CLANG_WARN_INFINITE_RECURSION = YES;
				CLANG_WARN_INT_CONVERSION = YES;
				CLANG_WARN_NON_LITERAL_NULL_CONVERSION = YES;
				CLANG_WARN_OBJC_IMPLICIT_RETAIN_SELF = YES;
				CLANG_WARN_OBJC_LITERAL_CONVERSION = YES;
				CLANG_WARN_OBJC_ROOT_CLASS = YES_ERROR;
				CLANG_WARN_QUOTED_INCLUDE_IN_FRAMEWORK_HEADER = YES;
				CLANG_WARN_RANGE_LOOP_ANALYSIS = YES;
				CLANG_WARN_STRICT_PROTOTYPES = YES;
				CLANG_WARN_SUSPICIOUS_MOVE = YES;
				CLANG_WARN_UNGUARDED_AVAILABILITY = YES_AGGRESSIVE;
				CLANG_WARN_UNREACHABLE_CODE = YES;
				CLANG_WARN__DUPLICATE_METHOD_MATCH = YES;
				COPY_PHASE_STRIP = NO;
				DEBUG_INFORMATION_FORMAT = "dwarf-with-dsym";
				ENABLE_NS_ASSERTIONS = NO;
				ENABLE_STRICT_OBJC_MSGSEND = YES;
				ENABLE_USER_SCRIPT_SANDBOXING = YES;
				GCC_C_LANGUAGE_STANDARD = gnu17;
				GCC_NO_COMMON_BLOCKS = YES;
				GCC_WARN_64_TO_32_BIT_CONVERSION = YES;
				GCC_WARN_ABOUT_RETURN_TYPE = YES_ERROR;
				GCC_WARN_UNDECLARED_SELECTOR = YES;
				GCC_WARN_UNINITIALIZED_AUTOS = YES_AGGRESSIVE;
				GCC_WARN_UNUSED_FUNCTION = YES;
				GCC_WARN_UNUSED_VARIABLE = YES;
				IPHONEOS_DEPLOYMENT_TARGET = 13.0;
				LOCALIZATION_PREFERS_STRING_CATALOGS = YES;
				MTL_ENABLE_DEBUG_INFO = NO;
				MTL_FAST_MATH = YES;
				SDKROOT = iphoneos;
				SWIFT_COMPILATION_MODE = wholemodule;
				VALIDATE_PRODUCT = YES;
			};
			name = Release;
		};
		0A06F5D72ADD41BB006BCB4F /* Debug */ = {
			isa = XCBuildConfiguration;
			buildSettings = {
				ASSETCATALOG_COMPILER_APPICON_NAME = AppIcon;
				ASSETCATALOG_COMPILER_GLOBAL_ACCENT_COLOR_NAME = AccentColor;
				CODE_SIGN_STYLE = Automatic;
				CURRENT_PROJECT_VERSION = 1;
				DEVELOPMENT_TEAM = 8996593D3H;
				GENERATE_INFOPLIST_FILE = YES;
				INFOPLIST_FILE = CrimsonTaxi/Info.plist;
				INFOPLIST_KEY_UIApplicationSupportsIndirectInputEvents = YES;
				INFOPLIST_KEY_UILaunchStoryboardName = LaunchScreen;
				INFOPLIST_KEY_UISupportedInterfaceOrientations = UIInterfaceOrientationPortrait;
				INFOPLIST_KEY_UISupportedInterfaceOrientations_iPad = "UIInterfaceOrientationLandscapeLeft UIInterfaceOrientationLandscapeRight UIInterfaceOrientationPortrait UIInterfaceOrientationPortraitUpsideDown";
				IPHONEOS_DEPLOYMENT_TARGET = 13.0;
				LD_RUNPATH_SEARCH_PATHS = (
					"$(inherited)",
					"@executable_path/Frameworks",
				);
				MARKETING_VERSION = 1.0;
				PRODUCT_BUNDLE_IDENTIFIER = com.something.CrimsonTaxi;
				PRODUCT_NAME = "$(TARGET_NAME)";
				SUPPORTED_PLATFORMS = "iphoneos iphonesimulator";
				SUPPORTS_MACCATALYST = NO;
				SUPPORTS_MAC_DESIGNED_FOR_IPHONE_IPAD = NO;
				SWIFT_EMIT_LOC_STRINGS = YES;
				SWIFT_VERSION = 5.0;
				TARGETED_DEVICE_FAMILY = 1;
			};
			name = Debug;
		};
		0A06F5D82ADD41BB006BCB4F /* Release */ = {
			isa = XCBuildConfiguration;
			buildSettings = {
				ASSETCATALOG_COMPILER_APPICON_NAME = AppIcon;
				ASSETCATALOG_COMPILER_GLOBAL_ACCENT_COLOR_NAME = AccentColor;
				CODE_SIGN_STYLE = Automatic;
				CURRENT_PROJECT_VERSION = 1;
				DEVELOPMENT_TEAM = 8996593D3H;
				GENERATE_INFOPLIST_FILE = YES;
				INFOPLIST_FILE = CrimsonTaxi/Info.plist;
				INFOPLIST_KEY_UIApplicationSupportsIndirectInputEvents = YES;
				INFOPLIST_KEY_UILaunchStoryboardName = LaunchScreen;
				INFOPLIST_KEY_UISupportedInterfaceOrientations = UIInterfaceOrientationPortrait;
				INFOPLIST_KEY_UISupportedInterfaceOrientations_iPad = "UIInterfaceOrientationLandscapeLeft UIInterfaceOrientationLandscapeRight UIInterfaceOrientationPortrait UIInterfaceOrientationPortraitUpsideDown";
				IPHONEOS_DEPLOYMENT_TARGET = 13.0;
				LD_RUNPATH_SEARCH_PATHS = (
					"$(inherited)",
					"@executable_path/Frameworks",
				);
				MARKETING_VERSION = 1.0;
				PRODUCT_BUNDLE_IDENTIFIER = com.something.CrimsonTaxi;
				PRODUCT_NAME = "$(TARGET_NAME)";
				SUPPORTED_PLATFORMS = "iphoneos iphonesimulator";
				SUPPORTS_MACCATALYST = NO;
				SUPPORTS_MAC_DESIGNED_FOR_IPHONE_IPAD = NO;
				SWIFT_EMIT_LOC_STRINGS = YES;
				SWIFT_VERSION = 5.0;
				TARGETED_DEVICE_FAMILY = 1;
			};
			name = Release;
		};
/* End XCBuildConfiguration section */

/* Begin XCConfigurationList section */
		0A06F5BD2ADD41BA006BCB4F /* Build configuration list for PBXProject "CrimsonTaxi" */ = {
			isa = XCConfigurationList;
			buildConfigurations = (
				0A06F5D42ADD41BB006BCB4F /* Debug */,
				0A06F5D52ADD41BB006BCB4F /* Release */,
			);
			defaultConfigurationIsVisible = 0;
			defaultConfigurationName = Release;
		};
		0A06F5D62ADD41BB006BCB4F /* Build configuration list for PBXNativeTarget "CrimsonTaxi" */ = {
			isa = XCConfigurationList;
			buildConfigurations = (
				0A06F5D72ADD41BB006BCB4F /* Debug */,
				0A06F5D82ADD41BB006BCB4F /* Release */,
			);
			defaultConfigurationIsVisible = 0;
			defaultConfigurationName = Release;
		};
/* End XCConfigurationList section */
	};
	rootObject = 0A06F5BA2ADD41BA006BCB4F /* Project object */;
}
